// !$*UTF8*$!
{
	archiveVersion = 1;
	classes = {
	};
	objectVersion = 77;
	objects = {

/* Begin PBXBuildFile section */
		BFC6EA3C2D03EAC7008363EE /* Preview Assets.xcassets in Resources */ = {isa = PBXBuildFile; fileRef = BFC6EA362D03EAC7008363EE /* Preview Assets.xcassets */; };
		BFC6EA3D2D03EAC7008363EE /* Assets.xcassets in Resources */ = {isa = PBXBuildFile; fileRef = BFC6EA382D03EAC7008363EE /* Assets.xcassets */; };
		BFC6EA3E2D03EAC7008363EE /* MainView.swift in Sources */ = {isa = PBXBuildFile; fileRef = BFC6EA392D03EAC7008363EE /* MainView.swift */; };
		BFC6EA3F2D03EAC7008363EE /* MemberActivityApp.swift in Sources */ = {isa = PBXBuildFile; fileRef = BFC6EA3A2D03EAC7008363EE /* MemberActivityApp.swift */; };
		BFC6EA422D03EB48008363EE /* LoginPhoneView.swift in Sources */ = {isa = PBXBuildFile; fileRef = BFC6EA412D03EB48008363EE /* LoginPhoneView.swift */; };
		BFC6EA442D03EBB5008363EE /* LoginOTPConfirmView.swift in Sources */ = {isa = PBXBuildFile; fileRef = BFC6EA432D03EBB5008363EE /* LoginOTPConfirmView.swift */; };
		BFC6EA462D03F07D008363EE /* NetworkService.swift in Sources */ = {isa = PBXBuildFile; fileRef = BFC6EA452D03F07D008363EE /* NetworkService.swift */; };
		BFC6EA4B2D03F0ED008363EE /* Model.swift in Sources */ = {isa = PBXBuildFile; fileRef = BFC6EA4A2D03F0ED008363EE /* Model.swift */; };
		BFC6EA4D2D03FDAD008363EE /* MemberListView.swift in Sources */ = {isa = PBXBuildFile; fileRef = BFC6EA4C2D03FDAD008363EE /* MemberListView.swift */; };
		BFC6EA4F2D03FDCE008363EE /* AccountView.swift in Sources */ = {isa = PBXBuildFile; fileRef = BFC6EA4E2D03FDCE008363EE /* AccountView.swift */; };
		BFC6EA512D041416008363EE /* MemberRowView.swift in Sources */ = {isa = PBXBuildFile; fileRef = BFC6EA502D041416008363EE /* MemberRowView.swift */; };
		BFC6EA542D0414DB008363EE /* Flow in Frameworks */ = {isa = PBXBuildFile; productRef = BFC6EA532D0414DB008363EE /* Flow */; };
		BFC6EA5F2D0421FD008363EE /* MemberDetailView.swift in Sources */ = {isa = PBXBuildFile; fileRef = BFC6EA5E2D0421FD008363EE /* MemberDetailView.swift */; };
/* End PBXBuildFile section */

/* Begin PBXFileReference section */
		BFC6EA252D03EAB8008363EE /* MemberActivity.app */ = {isa = PBXFileReference; explicitFileType = wrapper.application; includeInIndex = 0; path = MemberActivity.app; sourceTree = BUILT_PRODUCTS_DIR; };
		BFC6EA362D03EAC7008363EE /* Preview Assets.xcassets */ = {isa = PBXFileReference; lastKnownFileType = folder.assetcatalog; path = "Preview Assets.xcassets"; sourceTree = "<group>"; };
		BFC6EA382D03EAC7008363EE /* Assets.xcassets */ = {isa = PBXFileReference; lastKnownFileType = folder.assetcatalog; path = Assets.xcassets; sourceTree = "<group>"; };
		BFC6EA392D03EAC7008363EE /* MainView.swift */ = {isa = PBXFileReference; lastKnownFileType = sourcecode.swift; path = MainView.swift; sourceTree = "<group>"; };
		BFC6EA3A2D03EAC7008363EE /* MemberActivityApp.swift */ = {isa = PBXFileReference; lastKnownFileType = sourcecode.swift; path = MemberActivityApp.swift; sourceTree = "<group>"; };
		BFC6EA412D03EB48008363EE /* LoginPhoneView.swift */ = {isa = PBXFileReference; lastKnownFileType = sourcecode.swift; path = LoginPhoneView.swift; sourceTree = "<group>"; };
		BFC6EA432D03EBB5008363EE /* LoginOTPConfirmView.swift */ = {isa = PBXFileReference; lastKnownFileType = sourcecode.swift; path = LoginOTPConfirmView.swift; sourceTree = "<group>"; };
		BFC6EA452D03F07D008363EE /* NetworkService.swift */ = {isa = PBXFileReference; lastKnownFileType = sourcecode.swift; path = NetworkService.swift; sourceTree = "<group>"; };
		BFC6EA4A2D03F0ED008363EE /* Model.swift */ = {isa = PBXFileReference; lastKnownFileType = sourcecode.swift; path = Model.swift; sourceTree = "<group>"; };
		BFC6EA4C2D03FDAD008363EE /* MemberListView.swift */ = {isa = PBXFileReference; lastKnownFileType = sourcecode.swift; path = MemberListView.swift; sourceTree = "<group>"; };
		BFC6EA4E2D03FDCE008363EE /* AccountView.swift */ = {isa = PBXFileReference; lastKnownFileType = sourcecode.swift; path = AccountView.swift; sourceTree = "<group>"; };
		BFC6EA502D041416008363EE /* MemberRowView.swift */ = {isa = PBXFileReference; lastKnownFileType = sourcecode.swift; path = MemberRowView.swift; sourceTree = "<group>"; };
		BFC6EA5E2D0421FD008363EE /* MemberDetailView.swift */ = {isa = PBXFileReference; lastKnownFileType = sourcecode.swift; path = MemberDetailView.swift; sourceTree = "<group>"; };
/* End PBXFileReference section */

/* Begin PBXFrameworksBuildPhase section */
		BFC6EA222D03EAB8008363EE /* Frameworks */ = {
			isa = PBXFrameworksBuildPhase;
			buildActionMask = 2147483647;
			files = (
				BFC6EA542D0414DB008363EE /* Flow in Frameworks */,
			);
			runOnlyForDeploymentPostprocessing = 0;
		};
/* End PBXFrameworksBuildPhase section */

/* Begin PBXGroup section */
		BFC6EA1C2D03EAB8008363EE = {
			isa = PBXGroup;
			children = (
				BFC6EA3B2D03EAC7008363EE /* MemberActivity */,
				BFC6EA262D03EAB8008363EE /* Products */,
			);
			sourceTree = "<group>";
		};
		BFC6EA262D03EAB8008363EE /* Products */ = {
			isa = PBXGroup;
			children = (
				BFC6EA252D03EAB8008363EE /* MemberActivity.app */,
			);
			name = Products;
			sourceTree = "<group>";
		};
		BFC6EA372D03EAC7008363EE /* Preview Content */ = {
			isa = PBXGroup;
			children = (
				BFC6EA362D03EAC7008363EE /* Preview Assets.xcassets */,
			);
			path = "Preview Content";
			sourceTree = "<group>";
		};
		BFC6EA3B2D03EAC7008363EE /* MemberActivity */ = {
			isa = PBXGroup;
			children = (
				BFC6EA492D03F0B3008363EE /* Model */,
				BFC6EA402D03EAD1008363EE /* Views */,
				BFC6EA392D03EAC7008363EE /* MainView.swift */,
				BFC6EA452D03F07D008363EE /* NetworkService.swift */,
				BFC6EA3A2D03EAC7008363EE /* MemberActivityApp.swift */,
				BFC6EA382D03EAC7008363EE /* Assets.xcassets */,
				BFC6EA372D03EAC7008363EE /* Preview Content */,
			);
			path = MemberActivity;
			sourceTree = "<group>";
		};
		BFC6EA402D03EAD1008363EE /* Views */ = {
			isa = PBXGroup;
			children = (
				BFC6EA412D03EB48008363EE /* LoginPhoneView.swift */,
				BFC6EA432D03EBB5008363EE /* LoginOTPConfirmView.swift */,
				BFC6EA4C2D03FDAD008363EE /* MemberListView.swift */,
				BFC6EA4E2D03FDCE008363EE /* AccountView.swift */,
				BFC6EA502D041416008363EE /* MemberRowView.swift */,
				BFC6EA5E2D0421FD008363EE /* MemberDetailView.swift */,
			);
			path = Views;
			sourceTree = "<group>";
		};
		BFC6EA492D03F0B3008363EE /* Model */ = {
			isa = PBXGroup;
			children = (
				BFC6EA4A2D03F0ED008363EE /* Model.swift */,
			);
			path = Model;
			sourceTree = "<group>";
		};
/* End PBXGroup section */

/* Begin PBXNativeTarget section */
		BFC6EA242D03EAB8008363EE /* MemberActivity */ = {
			isa = PBXNativeTarget;
			buildConfigurationList = BFC6EA332D03EAB9008363EE /* Build configuration list for PBXNativeTarget "MemberActivity" */;
			buildPhases = (
				BFC6EA212D03EAB8008363EE /* Sources */,
				BFC6EA222D03EAB8008363EE /* Frameworks */,
				BFC6EA232D03EAB8008363EE /* Resources */,
			);
			buildRules = (
			);
			dependencies = (
			);
			name = MemberActivity;
			packageProductDependencies = (
				BFC6EA532D0414DB008363EE /* Flow */,
			);
			productName = MemberActivity;
			productReference = BFC6EA252D03EAB8008363EE /* MemberActivity.app */;
			productType = "com.apple.product-type.application";
		};
/* End PBXNativeTarget section */

/* Begin PBXProject section */
		BFC6EA1D2D03EAB8008363EE /* Project object */ = {
			isa = PBXProject;
			attributes = {
				BuildIndependentTargetsInParallel = 1;
				LastSwiftUpdateCheck = 1610;
				LastUpgradeCheck = 1610;
				TargetAttributes = {
					BFC6EA242D03EAB8008363EE = {
						CreatedOnToolsVersion = 16.1;
					};
				};
			};
			buildConfigurationList = BFC6EA202D03EAB8008363EE /* Build configuration list for PBXProject "MemberActivity" */;
			developmentRegion = en;
			hasScannedForEncodings = 0;
			knownRegions = (
				en,
				Base,
			);
			mainGroup = BFC6EA1C2D03EAB8008363EE;
			minimizedProjectReferenceProxies = 1;
			packageReferences = (
				BFC6EA522D0414DB008363EE /* XCRemoteSwiftPackageReference "SwiftUI-Flow" */,
			);
			preferredProjectObjectVersion = 77;
			productRefGroup = BFC6EA262D03EAB8008363EE /* Products */;
			projectDirPath = "";
			projectRoot = "";
			targets = (
				BFC6EA242D03EAB8008363EE /* MemberActivity */,
			);
		};
/* End PBXProject section */

/* Begin PBXResourcesBuildPhase section */
		BFC6EA232D03EAB8008363EE /* Resources */ = {
			isa = PBXResourcesBuildPhase;
			buildActionMask = 2147483647;
			files = (
				BFC6EA3C2D03EAC7008363EE /* Preview Assets.xcassets in Resources */,
				BFC6EA3D2D03EAC7008363EE /* Assets.xcassets in Resources */,
			);
			runOnlyForDeploymentPostprocessing = 0;
		};
/* End PBXResourcesBuildPhase section */

/* Begin PBXSourcesBuildPhase section */
		BFC6EA212D03EAB8008363EE /* Sources */ = {
			isa = PBXSourcesBuildPhase;
			buildActionMask = 2147483647;
			files = (
				BFC6EA512D041416008363EE /* MemberRowView.swift in Sources */,
				BFC6EA5F2D0421FD008363EE /* MemberDetailView.swift in Sources */,
				BFC6EA462D03F07D008363EE /* NetworkService.swift in Sources */,
				BFC6EA3E2D03EAC7008363EE /* MainView.swift in Sources */,
				BFC6EA442D03EBB5008363EE /* LoginOTPConfirmView.swift in Sources */,
				BFC6EA4D2D03FDAD008363EE /* MemberListView.swift in Sources */,
				BFC6EA4F2D03FDCE008363EE /* AccountView.swift in Sources */,
				BFC6EA4B2D03F0ED008363EE /* Model.swift in Sources */,
				BFC6EA3F2D03EAC7008363EE /* MemberActivityApp.swift in Sources */,
				BFC6EA422D03EB48008363EE /* LoginPhoneView.swift in Sources */,
			);
			runOnlyForDeploymentPostprocessing = 0;
		};
/* End PBXSourcesBuildPhase section */

/* Begin XCBuildConfiguration section */
		BFC6EA312D03EAB9008363EE /* Debug */ = {
			isa = XCBuildConfiguration;
			buildSettings = {
				ALWAYS_SEARCH_USER_PATHS = NO;
				ASSETCATALOG_COMPILER_GENERATE_SWIFT_ASSET_SYMBOL_EXTENSIONS = YES;
				CLANG_ANALYZER_NONNULL = YES;
				CLANG_ANALYZER_NUMBER_OBJECT_CONVERSION = YES_AGGRESSIVE;
				CLANG_CXX_LANGUAGE_STANDARD = "gnu++20";
				CLANG_ENABLE_MODULES = YES;
				CLANG_ENABLE_OBJC_ARC = YES;
				CLANG_ENABLE_OBJC_WEAK = YES;
				CLANG_WARN_BLOCK_CAPTURE_AUTORELEASING = YES;
				CLANG_WARN_BOOL_CONVERSION = YES;
				CLANG_WARN_COMMA = YES;
				CLANG_WARN_CONSTANT_CONVERSION = YES;
				CLANG_WARN_DEPRECATED_OBJC_IMPLEMENTATIONS = YES;
				CLANG_WARN_DIRECT_OBJC_ISA_USAGE = YES_ERROR;
				CLANG_WARN_DOCUMENTATION_COMMENTS = YES;
				CLANG_WARN_EMPTY_BODY = YES;
				CLANG_WARN_ENUM_CONVERSION = YES;
				CLANG_WARN_INFINITE_RECURSION = YES;
				CLANG_WARN_INT_CONVERSION = YES;
				CLANG_WARN_NON_LITERAL_NULL_CONVERSION = YES;
				CLANG_WARN_OBJC_IMPLICIT_RETAIN_SELF = YES;
				CLANG_WARN_OBJC_LITERAL_CONVERSION = YES;
				CLANG_WARN_OBJC_ROOT_CLASS = YES_ERROR;
				CLANG_WARN_QUOTED_INCLUDE_IN_FRAMEWORK_HEADER = YES;
				CLANG_WARN_RANGE_LOOP_ANALYSIS = YES;
				CLANG_WARN_STRICT_PROTOTYPES = YES;
				CLANG_WARN_SUSPICIOUS_MOVE = YES;
				CLANG_WARN_UNGUARDED_AVAILABILITY = YES_AGGRESSIVE;
				CLANG_WARN_UNREACHABLE_CODE = YES;
				CLANG_WARN__DUPLICATE_METHOD_MATCH = YES;
				COPY_PHASE_STRIP = NO;
				DEBUG_INFORMATION_FORMAT = dwarf;
				ENABLE_STRICT_OBJC_MSGSEND = YES;
				ENABLE_TESTABILITY = YES;
				ENABLE_USER_SCRIPT_SANDBOXING = YES;
				GCC_C_LANGUAGE_STANDARD = gnu17;
				GCC_DYNAMIC_NO_PIC = NO;
				GCC_NO_COMMON_BLOCKS = YES;
				GCC_OPTIMIZATION_LEVEL = 0;
				GCC_PREPROCESSOR_DEFINITIONS = (
					"DEBUG=1",
					"$(inherited)",
				);
				GCC_WARN_64_TO_32_BIT_CONVERSION = YES;
				GCC_WARN_ABOUT_RETURN_TYPE = YES_ERROR;
				GCC_WARN_UNDECLARED_SELECTOR = YES;
				GCC_WARN_UNINITIALIZED_AUTOS = YES_AGGRESSIVE;
				GCC_WARN_UNUSED_FUNCTION = YES;
				GCC_WARN_UNUSED_VARIABLE = YES;
				IPHONEOS_DEPLOYMENT_TARGET = 18.1;
				LOCALIZATION_PREFERS_STRING_CATALOGS = YES;
				MTL_ENABLE_DEBUG_INFO = INCLUDE_SOURCE;
				MTL_FAST_MATH = YES;
				ONLY_ACTIVE_ARCH = YES;
				SDKROOT = iphoneos;
				SWIFT_ACTIVE_COMPILATION_CONDITIONS = "DEBUG $(inherited)";
				SWIFT_OPTIMIZATION_LEVEL = "-Onone";
			};
			name = Debug;
		};
		BFC6EA322D03EAB9008363EE /* Release */ = {
			isa = XCBuildConfiguration;
			buildSettings = {
				ALWAYS_SEARCH_USER_PATHS = NO;
				ASSETCATALOG_COMPILER_GENERATE_SWIFT_ASSET_SYMBOL_EXTENSIONS = YES;
				CLANG_ANALYZER_NONNULL = YES;
				CLANG_ANALYZER_NUMBER_OBJECT_CONVERSION = YES_AGGRESSIVE;
				CLANG_CXX_LANGUAGE_STANDARD = "gnu++20";
				CLANG_ENABLE_MODULES = YES;
				CLANG_ENABLE_OBJC_ARC = YES;
				CLANG_ENABLE_OBJC_WEAK = YES;
				CLANG_WARN_BLOCK_CAPTURE_AUTORELEASING = YES;
				CLANG_WARN_BOOL_CONVERSION = YES;
				CLANG_WARN_COMMA = YES;
				CLANG_WARN_CONSTANT_CONVERSION = YES;
				CLANG_WARN_DEPRECATED_OBJC_IMPLEMENTATIONS = YES;
				CLANG_WARN_DIRECT_OBJC_ISA_USAGE = YES_ERROR;
				CLANG_WARN_DOCUMENTATION_COMMENTS = YES;
				CLANG_WARN_EMPTY_BODY = YES;
				CLANG_WARN_ENUM_CONVERSION = YES;
				CLANG_WARN_INFINITE_RECURSION = YES;
				CLANG_WARN_INT_CONVERSION = YES;
				CLANG_WARN_NON_LITERAL_NULL_CONVERSION = YES;
				CLANG_WARN_OBJC_IMPLICIT_RETAIN_SELF = YES;
				CLANG_WARN_OBJC_LITERAL_CONVERSION = YES;
				CLANG_WARN_OBJC_ROOT_CLASS = YES_ERROR;
				CLANG_WARN_QUOTED_INCLUDE_IN_FRAMEWORK_HEADER = YES;
				CLANG_WARN_RANGE_LOOP_ANALYSIS = YES;
				CLANG_WARN_STRICT_PROTOTYPES = YES;
				CLANG_WARN_SUSPICIOUS_MOVE = YES;
				CLANG_WARN_UNGUARDED_AVAILABILITY = YES_AGGRESSIVE;
				CLANG_WARN_UNREACHABLE_CODE = YES;
				CLANG_WARN__DUPLICATE_METHOD_MATCH = YES;
				COPY_PHASE_STRIP = NO;
				DEBUG_INFORMATION_FORMAT = "dwarf-with-dsym";
				ENABLE_NS_ASSERTIONS = NO;
				ENABLE_STRICT_OBJC_MSGSEND = YES;
				ENABLE_USER_SCRIPT_SANDBOXING = YES;
				GCC_C_LANGUAGE_STANDARD = gnu17;
				GCC_NO_COMMON_BLOCKS = YES;
				GCC_WARN_64_TO_32_BIT_CONVERSION = YES;
				GCC_WARN_ABOUT_RETURN_TYPE = YES_ERROR;
				GCC_WARN_UNDECLARED_SELECTOR = YES;
				GCC_WARN_UNINITIALIZED_AUTOS = YES_AGGRESSIVE;
				GCC_WARN_UNUSED_FUNCTION = YES;
				GCC_WARN_UNUSED_VARIABLE = YES;
				IPHONEOS_DEPLOYMENT_TARGET = 18.1;
				LOCALIZATION_PREFERS_STRING_CATALOGS = YES;
				MTL_ENABLE_DEBUG_INFO = NO;
				MTL_FAST_MATH = YES;
				SDKROOT = iphoneos;
				SWIFT_COMPILATION_MODE = wholemodule;
				VALIDATE_PRODUCT = YES;
			};
			name = Release;
		};
		BFC6EA342D03EAB9008363EE /* Debug */ = {
			isa = XCBuildConfiguration;
			buildSettings = {
				ASSETCATALOG_COMPILER_APPICON_NAME = AppIcon;
				ASSETCATALOG_COMPILER_GLOBAL_ACCENT_COLOR_NAME = AccentColor;
				CODE_SIGN_STYLE = Automatic;
				CURRENT_PROJECT_VERSION = 1;
				DEVELOPMENT_ASSET_PATHS = "\"MemberActivity/Preview Content\"";
				DEVELOPMENT_TEAM = T9MD4URZFH;
				ENABLE_PREVIEWS = YES;
				GENERATE_INFOPLIST_FILE = YES;
				INFOPLIST_KEY_UIApplicationSceneManifest_Generation = YES;
				INFOPLIST_KEY_UIApplicationSupportsIndirectInputEvents = YES;
				INFOPLIST_KEY_UILaunchScreen_Generation = YES;
				INFOPLIST_KEY_UISupportedInterfaceOrientations_iPad = "UIInterfaceOrientationPortrait UIInterfaceOrientationPortraitUpsideDown UIInterfaceOrientationLandscapeLeft UIInterfaceOrientationLandscapeRight";
				INFOPLIST_KEY_UISupportedInterfaceOrientations_iPhone = "UIInterfaceOrientationPortrait UIInterfaceOrientationLandscapeLeft UIInterfaceOrientationLandscapeRight";
				LD_RUNPATH_SEARCH_PATHS = (
					"$(inherited)",
					"@executable_path/Frameworks",
				);
				MARKETING_VERSION = 1.0;
				PRODUCT_BUNDLE_IDENTIFIER = com.superkookai.MemberActivity;
				PRODUCT_NAME = "$(TARGET_NAME)";
				SWIFT_EMIT_LOC_STRINGS = YES;
				SWIFT_VERSION = 5.0;
				TARGETED_DEVICE_FAMILY = "1,2";
			};
			name = Debug;
		};
		BFC6EA352D03EAB9008363EE /* Release */ = {
			isa = XCBuildConfiguration;
			buildSettings = {
				ASSETCATALOG_COMPILER_APPICON_NAME = AppIcon;
				ASSETCATALOG_COMPILER_GLOBAL_ACCENT_COLOR_NAME = AccentColor;
				CODE_SIGN_STYLE = Automatic;
				CURRENT_PROJECT_VERSION = 1;
				DEVELOPMENT_ASSET_PATHS = "\"MemberActivity/Preview Content\"";
				DEVELOPMENT_TEAM = T9MD4URZFH;
				ENABLE_PREVIEWS = YES;
				GENERATE_INFOPLIST_FILE = YES;
				INFOPLIST_KEY_UIApplicationSceneManifest_Generation = YES;
				INFOPLIST_KEY_UIApplicationSupportsIndirectInputEvents = YES;
				INFOPLIST_KEY_UILaunchScreen_Generation = YES;
				INFOPLIST_KEY_UISupportedInterfaceOrientations_iPad = "UIInterfaceOrientationPortrait UIInterfaceOrientationPortraitUpsideDown UIInterfaceOrientationLandscapeLeft UIInterfaceOrientationLandscapeRight";
				INFOPLIST_KEY_UISupportedInterfaceOrientations_iPhone = "UIInterfaceOrientationPortrait UIInterfaceOrientationLandscapeLeft UIInterfaceOrientationLandscapeRight";
				LD_RUNPATH_SEARCH_PATHS = (
					"$(inherited)",
					"@executable_path/Frameworks",
				);
				MARKETING_VERSION = 1.0;
				PRODUCT_BUNDLE_IDENTIFIER = com.superkookai.MemberActivity;
				PRODUCT_NAME = "$(TARGET_NAME)";
				SWIFT_EMIT_LOC_STRINGS = YES;
				SWIFT_VERSION = 5.0;
				TARGETED_DEVICE_FAMILY = "1,2";
			};
			name = Release;
		};
/* End XCBuildConfiguration section */

/* Begin XCConfigurationList section */
		BFC6EA202D03EAB8008363EE /* Build configuration list for PBXProject "MemberActivity" */ = {
			isa = XCConfigurationList;
			buildConfigurations = (
				BFC6EA312D03EAB9008363EE /* Debug */,
				BFC6EA322D03EAB9008363EE /* Release */,
			);
			defaultConfigurationIsVisible = 0;
			defaultConfigurationName = Release;
		};
		BFC6EA332D03EAB9008363EE /* Build configuration list for PBXNativeTarget "MemberActivity" */ = {
			isa = XCConfigurationList;
			buildConfigurations = (
				BFC6EA342D03EAB9008363EE /* Debug */,
				BFC6EA352D03EAB9008363EE /* Release */,
			);
			defaultConfigurationIsVisible = 0;
			defaultConfigurationName = Release;
		};
/* End XCConfigurationList section */

/* Begin XCRemoteSwiftPackageReference section */
		BFC6EA522D0414DB008363EE /* XCRemoteSwiftPackageReference "SwiftUI-Flow" */ = {
			isa = XCRemoteSwiftPackageReference;
			repositoryURL = "https://github.com/tevelee/SwiftUI-Flow";
			requirement = {
				kind = upToNextMajorVersion;
				minimumVersion = 2.5.0;
			};
		};
/* End XCRemoteSwiftPackageReference section */

/* Begin XCSwiftPackageProductDependency section */
		BFC6EA532D0414DB008363EE /* Flow */ = {
			isa = XCSwiftPackageProductDependency;
			package = BFC6EA522D0414DB008363EE /* XCRemoteSwiftPackageReference "SwiftUI-Flow" */;
			productName = Flow;
		};
/* End XCSwiftPackageProductDependency section */
	};
	rootObject = BFC6EA1D2D03EAB8008363EE /* Project object */;
}
